
Microsoft Visual Studio Solution File, Format Version 12.00
# Visual Studio 15
Project("{FAE04EC0-301F-11D3-BF4B-00C04F79EFBC}") = "Labb3.Android", "Labb3.Android\Labb3.Android.csproj", "{FAD1C565-406C-400E-ACF7-1B8227CD9D37}"
EndProject
Project("{FAE04EC0-301F-11D3-BF4B-00C04F79EFBC}") = "Labb3.iOS", "Labb3.iOS\Labb3.iOS.csproj", "{F4B70527-32AA-4BB7-B750-F095F6493269}"
EndProject
Project("{FAE04EC0-301F-11D3-BF4B-00C04F79EFBC}") = "Labb3", "Labb3\Labb3.csproj", "{983C368A-EB46-4965-9361-713E1BD63646}"
EndProject
Global
	GlobalSection(SolutionConfigurationPlatforms) = preSolution
		Debug|Any CPU = Debug|Any CPU
		Release|Any CPU = Release|Any CPU
		Debug|iPhoneSimulator = Debug|iPhoneSimulator
		Release|iPhoneSimulator = Release|iPhoneSimulator
		Debug|iPhone = Debug|iPhone
		Release|iPhone = Release|iPhone
	EndGlobalSection
	GlobalSection(ProjectConfigurationPlatforms) = postSolution
		{FAD1C565-406C-400E-ACF7-1B8227CD9D37}.Debug|Any CPU.ActiveCfg = Debug|Any CPU
		{FAD1C565-406C-400E-ACF7-1B8227CD9D37}.Debug|Any CPU.Build.0 = Debug|Any CPU
		{FAD1C565-406C-400E-ACF7-1B8227CD9D37}.Release|Any CPU.ActiveCfg = Release|Any CPU
		{FAD1C565-406C-400E-ACF7-1B8227CD9D37}.Release|Any CPU.Build.0 = Release|Any CPU
		{FAD1C565-406C-400E-ACF7-1B8227CD9D37}.Debug|iPhoneSimulator.ActiveCfg = Debug|Any CPU
		{FAD1C565-406C-400E-ACF7-1B8227CD9D37}.Debug|iPhoneSimulator.Build.0 = Debug|Any CPU
		{FAD1C565-406C-400E-ACF7-1B8227CD9D37}.Release|iPhoneSimulator.ActiveCfg = Release|Any CPU
		{FAD1C565-406C-400E-ACF7-1B8227CD9D37}.Release|iPhoneSimulator.Build.0 = Release|Any CPU
		{FAD1C565-406C-400E-ACF7-1B8227CD9D37}.Debug|iPhone.ActiveCfg = Debug|Any CPU
		{FAD1C565-406C-400E-ACF7-1B8227CD9D37}.Debug|iPhone.Build.0 = Debug|Any CPU
		{FAD1C565-406C-400E-ACF7-1B8227CD9D37}.Release|iPhone.ActiveCfg = Release|Any CPU
		{FAD1C565-406C-400E-ACF7-1B8227CD9D37}.Release|iPhone.Build.0 = Release|Any CPU
		{F4B70527-32AA-4BB7-B750-F095F6493269}.Debug|Any CPU.ActiveCfg = Debug|iPhoneSimulator
		{F4B70527-32AA-4BB7-B750-F095F6493269}.Debug|Any CPU.Build.0 = Debug|iPhoneSimulator
		{F4B70527-32AA-4BB7-B750-F095F6493269}.Release|Any CPU.ActiveCfg = Release|iPhoneSimulator
		{F4B70527-32AA-4BB7-B750-F095F6493269}.Release|Any CPU.Build.0 = Release|iPhoneSimulator
		{F4B70527-32AA-4BB7-B750-F095F6493269}.Debug|iPhoneSimulator.ActiveCfg = Debug|iPhoneSimulator
		{F4B70527-32AA-4BB7-B750-F095F6493269}.Debug|iPhoneSimulator.Build.0 = Debug|iPhoneSimulator
		{F4B70527-32AA-4BB7-B750-F095F6493269}.Release|iPhoneSimulator.ActiveCfg = Release|iPhoneSimulator
		{F4B70527-32AA-4BB7-B750-F095F6493269}.Release|iPhoneSimulator.Build.0 = Release|iPhoneSimulator
		{F4B70527-32AA-4BB7-B750-F095F6493269}.Debug|iPhone.ActiveCfg = Debug|iPhone
		{F4B70527-32AA-4BB7-B750-F095F6493269}.Debug|iPhone.Build.0 = Debug|iPhone
		{F4B70527-32AA-4BB7-B750-F095F6493269}.Release|iPhone.ActiveCfg = Release|iPhone
		{F4B70527-32AA-4BB7-B750-F095F6493269}.Release|iPhone.Build.0 = Release|iPhone
		{983C368A-EB46-4965-9361-713E1BD63646}.Debug|Any CPU.ActiveCfg = Debug|Any CPU
		{983C368A-EB46-4965-9361-713E1BD63646}.Debug|Any CPU.Build.0 = Debug|Any CPU
		{983C368A-EB46-4965-9361-713E1BD63646}.Release|Any CPU.ActiveCfg = Release|Any CPU
		{983C368A-EB46-4965-9361-713E1BD63646}.Release|Any CPU.Build.0 = Release|Any CPU
		{983C368A-EB46-4965-9361-713E1BD63646}.Debug|iPhoneSimulator.ActiveCfg = Debug|Any CPU
		{983C368A-EB46-4965-9361-713E1BD63646}.Debug|iPhoneSimulator.Build.0 = Debug|Any CPU
		{983C368A-EB46-4965-9361-713E1BD63646}.Release|iPhoneSimulator.ActiveCfg = Release|Any CPU
		{983C368A-EB46-4965-9361-713E1BD63646}.Release|iPhoneSimulator.Build.0 = Release|Any CPU
		{983C368A-EB46-4965-9361-713E1BD63646}.Debug|iPhone.ActiveCfg = Debug|Any CPU
		{983C368A-EB46-4965-9361-713E1BD63646}.Debug|iPhone.Build.0 = Debug|Any CPU
		{983C368A-EB46-4965-9361-713E1BD63646}.Release|iPhone.ActiveCfg = Release|Any CPU
		{983C368A-EB46-4965-9361-713E1BD63646}.Release|iPhone.Build.0 = Release|Any CPU
	EndGlobalSection
EndGlobal
